
Microsoft Visual Studio Solution File, Format Version 12.00
# Visual Studio Version 16
VisualStudioVersion = 16.0.29728.190
MinimumVisualStudioVersion = 10.0.40219.1
Project("{FAE04EC0-301F-11D3-BF4B-00C04F79EFBC}") = "CsharpExampleTest", "CsharpExampleTest\CsharpExampleTest.csproj", "{D561E720-16AF-4BD3-B643-1D92F8E8CE06}"
EndProject
Global
	GlobalSection(SolutionConfigurationPlatforms) = preSolution
		Debug|Any CPU = Debug|Any CPU
		Release|Any CPU = Release|Any CPU
	EndGlobalSection
	GlobalSection(ProjectConfigurationPlatforms) = postSolution
		{D561E720-16AF-4BD3-B643-1D92F8E8CE06}.Debug|Any CPU.ActiveCfg = Debug|Any CPU
		{D561E720-16AF-4BD3-B643-1D92F8E8CE06}.Debug|Any CPU.Build.0 = Debug|Any CPU
		{D561E720-16AF-4BD3-B643-1D92F8E8CE06}.Release|Any CPU.ActiveCfg = Release|Any CPU
		{D561E720-16AF-4BD3-B643-1D92F8E8CE06}.Release|Any CPU.Build.0 = Release|Any CPU
	EndGlobalSection
	GlobalSection(SolutionProperties) = preSolution
		HideSolutionNode = FALSE
	EndGlobalSection
	GlobalSection(ExtensibilityGlobals) = postSolution
		SolutionGuid = {C8C286C3-953C-4D94-A0E0-4EBB45C06C2E}
	EndGlobalSection
EndGlobal
