
Microsoft Visual Studio Solution File, Format Version 12.00
# Visual Studio Version 16
VisualStudioVersion = 16.0.29728.190
MinimumVisualStudioVersion = 10.0.40219.1
Project("{9A19103F-16F7-4668-BE54-9A1E7A4F7556}") = "CsharpExampleTest", "CsharpExampleTest\CsharpExampleTest.csproj", "{D561E720-16AF-4BD3-B643-1D92F8E8CE06}"
EndProject
Project("{9A19103F-16F7-4668-BE54-9A1E7A4F7556}") = "WinformBackgroundWorkerExample", "WinformBackgroundWorkerExample\WinformBackgroundWorkerExample.csproj", "{112B7FFA-5891-477B-9D9E-940CEFC39080}"
EndProject
Project("{9A19103F-16F7-4668-BE54-9A1E7A4F7556}") = "WinformGetHtmlUsingSemaphoreExample", "WinformGetHtmlUsingSemaphoreExample\WinformGetHtmlUsingSemaphoreExample.csproj", "{9B58E61A-6186-4D2A-92D6-247E2E059528}"
EndProject
Project("{FAE04EC0-301F-11D3-BF4B-00C04F79EFBC}") = "WinformTabPageDrawingTextExample", "WinformTabPageDrawingTextExample\WinformTabPageDrawingTextExample.csproj", "{B18EF118-B198-4E18-90A7-3B19D12F7372}"
EndProject
Project("{FAE04EC0-301F-11D3-BF4B-00C04F79EFBC}") = "WinformTimerTickTest", "WinformTimerTickTest\WinformTimerTickTest.csproj", "{D08AF3E0-122C-46B6-93E1-F20EE92B7373}"
EndProject
Global
	GlobalSection(SolutionConfigurationPlatforms) = preSolution
		Debug|Any CPU = Debug|Any CPU
		Release|Any CPU = Release|Any CPU
	EndGlobalSection
	GlobalSection(ProjectConfigurationPlatforms) = postSolution
		{D561E720-16AF-4BD3-B643-1D92F8E8CE06}.Debug|Any CPU.ActiveCfg = Debug|Any CPU
		{D561E720-16AF-4BD3-B643-1D92F8E8CE06}.Debug|Any CPU.Build.0 = Debug|Any CPU
		{D561E720-16AF-4BD3-B643-1D92F8E8CE06}.Release|Any CPU.ActiveCfg = Release|Any CPU
		{D561E720-16AF-4BD3-B643-1D92F8E8CE06}.Release|Any CPU.Build.0 = Release|Any CPU
		{112B7FFA-5891-477B-9D9E-940CEFC39080}.Debug|Any CPU.ActiveCfg = Debug|Any CPU
		{112B7FFA-5891-477B-9D9E-940CEFC39080}.Debug|Any CPU.Build.0 = Debug|Any CPU
		{112B7FFA-5891-477B-9D9E-940CEFC39080}.Release|Any CPU.ActiveCfg = Release|Any CPU
		{112B7FFA-5891-477B-9D9E-940CEFC39080}.Release|Any CPU.Build.0 = Release|Any CPU
		{9B58E61A-6186-4D2A-92D6-247E2E059528}.Debug|Any CPU.ActiveCfg = Debug|Any CPU
		{9B58E61A-6186-4D2A-92D6-247E2E059528}.Debug|Any CPU.Build.0 = Debug|Any CPU
		{9B58E61A-6186-4D2A-92D6-247E2E059528}.Release|Any CPU.ActiveCfg = Release|Any CPU
		{9B58E61A-6186-4D2A-92D6-247E2E059528}.Release|Any CPU.Build.0 = Release|Any CPU
		{B18EF118-B198-4E18-90A7-3B19D12F7372}.Debug|Any CPU.ActiveCfg = Debug|Any CPU
		{B18EF118-B198-4E18-90A7-3B19D12F7372}.Debug|Any CPU.Build.0 = Debug|Any CPU
		{B18EF118-B198-4E18-90A7-3B19D12F7372}.Release|Any CPU.ActiveCfg = Release|Any CPU
		{B18EF118-B198-4E18-90A7-3B19D12F7372}.Release|Any CPU.Build.0 = Release|Any CPU
		{D08AF3E0-122C-46B6-93E1-F20EE92B7373}.Debug|Any CPU.ActiveCfg = Debug|Any CPU
		{D08AF3E0-122C-46B6-93E1-F20EE92B7373}.Debug|Any CPU.Build.0 = Debug|Any CPU
		{D08AF3E0-122C-46B6-93E1-F20EE92B7373}.Release|Any CPU.ActiveCfg = Release|Any CPU
		{D08AF3E0-122C-46B6-93E1-F20EE92B7373}.Release|Any CPU.Build.0 = Release|Any CPU
	EndGlobalSection
	GlobalSection(SolutionProperties) = preSolution
		HideSolutionNode = FALSE
	EndGlobalSection
	GlobalSection(ExtensibilityGlobals) = postSolution
		SolutionGuid = {C8C286C3-953C-4D94-A0E0-4EBB45C06C2E}
	EndGlobalSection
EndGlobal
