
Microsoft Visual Studio Solution File, Format Version 12.00
# Visual Studio Version 16
VisualStudioVersion = 16.0.29728.190
MinimumVisualStudioVersion = 10.0.40219.1
Project("{FAE04EC0-301F-11D3-BF4B-00C04F79EFBC}") = "ClosureExam", "ClosureExam\ClosureExam.csproj", "{9F9D96E2-67AF-4C4A-BE4D-7F656EF0ED5B}"
EndProject
Global
	GlobalSection(SolutionConfigurationPlatforms) = preSolution
		Debug|Any CPU = Debug|Any CPU
		Release|Any CPU = Release|Any CPU
	EndGlobalSection
	GlobalSection(ProjectConfigurationPlatforms) = postSolution
		{9F9D96E2-67AF-4C4A-BE4D-7F656EF0ED5B}.Debug|Any CPU.ActiveCfg = Debug|Any CPU
		{9F9D96E2-67AF-4C4A-BE4D-7F656EF0ED5B}.Debug|Any CPU.Build.0 = Debug|Any CPU
		{9F9D96E2-67AF-4C4A-BE4D-7F656EF0ED5B}.Release|Any CPU.ActiveCfg = Release|Any CPU
		{9F9D96E2-67AF-4C4A-BE4D-7F656EF0ED5B}.Release|Any CPU.Build.0 = Release|Any CPU
	EndGlobalSection
	GlobalSection(SolutionProperties) = preSolution
		HideSolutionNode = FALSE
	EndGlobalSection
	GlobalSection(ExtensibilityGlobals) = postSolution
		SolutionGuid = {C8C286C3-953C-4D94-A0E0-4EBB45C06C2E}
	EndGlobalSection
EndGlobal
