
Microsoft Visual Studio Solution File, Format Version 12.00
# Visual Studio Version 17
VisualStudioVersion = 17.5.33424.131
MinimumVisualStudioVersion = 10.0.40219.1
Project("{FAE04EC0-301F-11D3-BF4B-00C04F79EFBC}") = "Start", "Start\Start\Start.csproj", "{93A4C132-E939-431D-9C7E-FBE3DA58466D}"
EndProject
Global
	GlobalSection(SolutionConfigurationPlatforms) = preSolution
		Debug|Any CPU = Debug|Any CPU
		Release|Any CPU = Release|Any CPU
	EndGlobalSection
	GlobalSection(ProjectConfigurationPlatforms) = postSolution
		{93A4C132-E939-431D-9C7E-FBE3DA58466D}.Debug|Any CPU.ActiveCfg = Debug|Any CPU
		{93A4C132-E939-431D-9C7E-FBE3DA58466D}.Debug|Any CPU.Build.0 = Debug|Any CPU
		{93A4C132-E939-431D-9C7E-FBE3DA58466D}.Release|Any CPU.ActiveCfg = Release|Any CPU
		{93A4C132-E939-431D-9C7E-FBE3DA58466D}.Release|Any CPU.Build.0 = Release|Any CPU
	EndGlobalSection
	GlobalSection(SolutionProperties) = preSolution
		HideSolutionNode = FALSE
	EndGlobalSection
	GlobalSection(ExtensibilityGlobals) = postSolution
		SolutionGuid = {C859E424-5243-4FE9-818B-1E6BF24341CC}
	EndGlobalSection
EndGlobal
