
Microsoft Visual Studio Solution File, Format Version 12.00
# Visual Studio Version 17
VisualStudioVersion = 17.1.32407.343
MinimumVisualStudioVersion = 10.0.40219.1
Project("{9A19103F-16F7-4668-BE54-9A1E7A4F7556}") = "CsharpExampleTest", "CsharpExampleTest\CsharpExampleTest.csproj", "{D561E720-16AF-4BD3-B643-1D92F8E8CE06}"
EndProject
Project("{9A19103F-16F7-4668-BE54-9A1E7A4F7556}") = "WinformBackgroundWorkerExample", "WinformBackgroundWorkerExample\WinformBackgroundWorkerExample.csproj", "{112B7FFA-5891-477B-9D9E-940CEFC39080}"
EndProject
Project("{9A19103F-16F7-4668-BE54-9A1E7A4F7556}") = "WinformGetHtmlUsingSemaphoreExample", "WinformGetHtmlUsingSemaphoreExample\WinformGetHtmlUsingSemaphoreExample.csproj", "{9B58E61A-6186-4D2A-92D6-247E2E059528}"
EndProject
Project("{FAE04EC0-301F-11D3-BF4B-00C04F79EFBC}") = "WinformTabPageDrawingTextExample", "WinformTabPageDrawingTextExample\WinformTabPageDrawingTextExample.csproj", "{B18EF118-B198-4E18-90A7-3B19D12F7372}"
EndProject
Project("{FAE04EC0-301F-11D3-BF4B-00C04F79EFBC}") = "WinformTimerTickTest", "WinformTimerTickTest\WinformTimerTickTest.csproj", "{D08AF3E0-122C-46B6-93E1-F20EE92B7373}"
EndProject
Project("{9A19103F-16F7-4668-BE54-9A1E7A4F7556}") = "WindowsFormsGenericHostExample", "WinFormGenericHostExample\WindowsFormsGenericHostExample.csproj", "{60D44439-FE77-4CAB-8D1D-FDF627B7C6F8}"
EndProject
Project("{9A19103F-16F7-4668-BE54-9A1E7A4F7556}") = "QuartzDotnetAndGenericHostExample", "QuartzDotnetAndGenericHostExample\QuartzDotnetAndGenericHostExample.csproj", "{3534563C-5AA1-4A97-B833-B277BF405D45}"
EndProject
Project("{9A19103F-16F7-4668-BE54-9A1E7A4F7556}") = "WinformUIThreadIsThreadPoolThreadTest", "WinformUIThreadIsThreadPoolThreadTest\WinformUIThreadIsThreadPoolThreadTest.csproj", "{A0223810-5393-4963-AB48-4C1CDADD2CE0}"
EndProject
Project("{9A19103F-16F7-4668-BE54-9A1E7A4F7556}") = "WinformShowDialogTimerStopExample", "WinformShowDialogTimerStopExample\WinformShowDialogTimerStopExample.csproj", "{EAED7706-3428-4DF1-AF37-397CFA2D8F9B}"
EndProject
Project("{9A19103F-16F7-4668-BE54-9A1E7A4F7556}") = "ADODotNetBulkInsert", "ADODotNetBulkInsert\ADODotNetBulkInsert.csproj", "{595B8318-51E3-4DB6-A39E-2AC39176E43B}"
EndProject
Project("{9A19103F-16F7-4668-BE54-9A1E7A4F7556}") = "ThreadEventWaitHandleTest", "ThreadEventWaitHandleTest\ThreadEventWaitHandleTest.csproj", "{FA31AF45-FD6F-4D1E-A873-B5569985F405}"
EndProject
Project("{9A19103F-16F7-4668-BE54-9A1E7A4F7556}") = "ImageDownloadExample", "ImageDownload\ImageDownloadExample.csproj", "{C5E72798-ED1E-4302-A614-DB0727A421B7}"
EndProject
Project("{9A19103F-16F7-4668-BE54-9A1E7A4F7556}") = "DisposePatternExample", "DisposePatternExample\DisposePatternExample.csproj", "{BD1A85E3-83C0-43CB-9E4B-DCC2ED616154}"
EndProject
Project("{9A19103F-16F7-4668-BE54-9A1E7A4F7556}") = "WpfTabControlDynamicTabItemTest", "WpfTabControlDynamicTabItemTest\WpfTabControlDynamicTabItemTest.csproj", "{1B3B434D-68B6-4E4A-8CF2-F15C2EDB3906}"
EndProject
Project("{FAE04EC0-301F-11D3-BF4B-00C04F79EFBC}") = "AvalonDockTest", "AvalonDockTest\AvalonDockTest.csproj", "{C9F5F0DF-523B-46CE-9200-E7777B101F1A}"
EndProject
Project("{FAE04EC0-301F-11D3-BF4B-00C04F79EFBC}") = "WpfAddScopedVsAddTransientTest", "WpfAddScopedVsAddTransientTest\WpfAddScopedVsAddTransientTest.csproj", "{02BE6233-FEFA-43D0-A52C-A9354E4EBC1D}"
EndProject
Global
	GlobalSection(SolutionConfigurationPlatforms) = preSolution
		Debug|Any CPU = Debug|Any CPU
		Debug|x64 = Debug|x64
		Release|Any CPU = Release|Any CPU
		Release|x64 = Release|x64
	EndGlobalSection
	GlobalSection(ProjectConfigurationPlatforms) = postSolution
		{D561E720-16AF-4BD3-B643-1D92F8E8CE06}.Debug|Any CPU.ActiveCfg = Debug|Any CPU
		{D561E720-16AF-4BD3-B643-1D92F8E8CE06}.Debug|Any CPU.Build.0 = Debug|Any CPU
		{D561E720-16AF-4BD3-B643-1D92F8E8CE06}.Debug|x64.ActiveCfg = Debug|Any CPU
		{D561E720-16AF-4BD3-B643-1D92F8E8CE06}.Debug|x64.Build.0 = Debug|Any CPU
		{D561E720-16AF-4BD3-B643-1D92F8E8CE06}.Release|Any CPU.ActiveCfg = Release|Any CPU
		{D561E720-16AF-4BD3-B643-1D92F8E8CE06}.Release|Any CPU.Build.0 = Release|Any CPU
		{D561E720-16AF-4BD3-B643-1D92F8E8CE06}.Release|x64.ActiveCfg = Release|Any CPU
		{D561E720-16AF-4BD3-B643-1D92F8E8CE06}.Release|x64.Build.0 = Release|Any CPU
		{112B7FFA-5891-477B-9D9E-940CEFC39080}.Debug|Any CPU.ActiveCfg = Debug|Any CPU
		{112B7FFA-5891-477B-9D9E-940CEFC39080}.Debug|Any CPU.Build.0 = Debug|Any CPU
		{112B7FFA-5891-477B-9D9E-940CEFC39080}.Debug|x64.ActiveCfg = Debug|Any CPU
		{112B7FFA-5891-477B-9D9E-940CEFC39080}.Debug|x64.Build.0 = Debug|Any CPU
		{112B7FFA-5891-477B-9D9E-940CEFC39080}.Release|Any CPU.ActiveCfg = Release|Any CPU
		{112B7FFA-5891-477B-9D9E-940CEFC39080}.Release|Any CPU.Build.0 = Release|Any CPU
		{112B7FFA-5891-477B-9D9E-940CEFC39080}.Release|x64.ActiveCfg = Release|Any CPU
		{112B7FFA-5891-477B-9D9E-940CEFC39080}.Release|x64.Build.0 = Release|Any CPU
		{9B58E61A-6186-4D2A-92D6-247E2E059528}.Debug|Any CPU.ActiveCfg = Debug|Any CPU
		{9B58E61A-6186-4D2A-92D6-247E2E059528}.Debug|Any CPU.Build.0 = Debug|Any CPU
		{9B58E61A-6186-4D2A-92D6-247E2E059528}.Debug|x64.ActiveCfg = Debug|Any CPU
		{9B58E61A-6186-4D2A-92D6-247E2E059528}.Debug|x64.Build.0 = Debug|Any CPU
		{9B58E61A-6186-4D2A-92D6-247E2E059528}.Release|Any CPU.ActiveCfg = Release|Any CPU
		{9B58E61A-6186-4D2A-92D6-247E2E059528}.Release|Any CPU.Build.0 = Release|Any CPU
		{9B58E61A-6186-4D2A-92D6-247E2E059528}.Release|x64.ActiveCfg = Release|Any CPU
		{9B58E61A-6186-4D2A-92D6-247E2E059528}.Release|x64.Build.0 = Release|Any CPU
		{B18EF118-B198-4E18-90A7-3B19D12F7372}.Debug|Any CPU.ActiveCfg = Debug|Any CPU
		{B18EF118-B198-4E18-90A7-3B19D12F7372}.Debug|Any CPU.Build.0 = Debug|Any CPU
		{B18EF118-B198-4E18-90A7-3B19D12F7372}.Debug|x64.ActiveCfg = Debug|Any CPU
		{B18EF118-B198-4E18-90A7-3B19D12F7372}.Debug|x64.Build.0 = Debug|Any CPU
		{B18EF118-B198-4E18-90A7-3B19D12F7372}.Release|Any CPU.ActiveCfg = Release|Any CPU
		{B18EF118-B198-4E18-90A7-3B19D12F7372}.Release|Any CPU.Build.0 = Release|Any CPU
		{B18EF118-B198-4E18-90A7-3B19D12F7372}.Release|x64.ActiveCfg = Release|Any CPU
		{B18EF118-B198-4E18-90A7-3B19D12F7372}.Release|x64.Build.0 = Release|Any CPU
		{D08AF3E0-122C-46B6-93E1-F20EE92B7373}.Debug|Any CPU.ActiveCfg = Debug|Any CPU
		{D08AF3E0-122C-46B6-93E1-F20EE92B7373}.Debug|Any CPU.Build.0 = Debug|Any CPU
		{D08AF3E0-122C-46B6-93E1-F20EE92B7373}.Debug|x64.ActiveCfg = Debug|Any CPU
		{D08AF3E0-122C-46B6-93E1-F20EE92B7373}.Debug|x64.Build.0 = Debug|Any CPU
		{D08AF3E0-122C-46B6-93E1-F20EE92B7373}.Release|Any CPU.ActiveCfg = Release|Any CPU
		{D08AF3E0-122C-46B6-93E1-F20EE92B7373}.Release|Any CPU.Build.0 = Release|Any CPU
		{D08AF3E0-122C-46B6-93E1-F20EE92B7373}.Release|x64.ActiveCfg = Release|Any CPU
		{D08AF3E0-122C-46B6-93E1-F20EE92B7373}.Release|x64.Build.0 = Release|Any CPU
		{60D44439-FE77-4CAB-8D1D-FDF627B7C6F8}.Debug|Any CPU.ActiveCfg = Debug|Any CPU
		{60D44439-FE77-4CAB-8D1D-FDF627B7C6F8}.Debug|Any CPU.Build.0 = Debug|Any CPU
		{60D44439-FE77-4CAB-8D1D-FDF627B7C6F8}.Debug|x64.ActiveCfg = Debug|Any CPU
		{60D44439-FE77-4CAB-8D1D-FDF627B7C6F8}.Debug|x64.Build.0 = Debug|Any CPU
		{60D44439-FE77-4CAB-8D1D-FDF627B7C6F8}.Release|Any CPU.ActiveCfg = Release|Any CPU
		{60D44439-FE77-4CAB-8D1D-FDF627B7C6F8}.Release|Any CPU.Build.0 = Release|Any CPU
		{60D44439-FE77-4CAB-8D1D-FDF627B7C6F8}.Release|x64.ActiveCfg = Release|Any CPU
		{60D44439-FE77-4CAB-8D1D-FDF627B7C6F8}.Release|x64.Build.0 = Release|Any CPU
		{3534563C-5AA1-4A97-B833-B277BF405D45}.Debug|Any CPU.ActiveCfg = Debug|Any CPU
		{3534563C-5AA1-4A97-B833-B277BF405D45}.Debug|Any CPU.Build.0 = Debug|Any CPU
		{3534563C-5AA1-4A97-B833-B277BF405D45}.Debug|x64.ActiveCfg = Debug|x64
		{3534563C-5AA1-4A97-B833-B277BF405D45}.Debug|x64.Build.0 = Debug|x64
		{3534563C-5AA1-4A97-B833-B277BF405D45}.Release|Any CPU.ActiveCfg = Release|Any CPU
		{3534563C-5AA1-4A97-B833-B277BF405D45}.Release|Any CPU.Build.0 = Release|Any CPU
		{3534563C-5AA1-4A97-B833-B277BF405D45}.Release|x64.ActiveCfg = Release|x64
		{3534563C-5AA1-4A97-B833-B277BF405D45}.Release|x64.Build.0 = Release|x64
		{A0223810-5393-4963-AB48-4C1CDADD2CE0}.Debug|Any CPU.ActiveCfg = Debug|Any CPU
		{A0223810-5393-4963-AB48-4C1CDADD2CE0}.Debug|Any CPU.Build.0 = Debug|Any CPU
		{A0223810-5393-4963-AB48-4C1CDADD2CE0}.Debug|x64.ActiveCfg = Debug|Any CPU
		{A0223810-5393-4963-AB48-4C1CDADD2CE0}.Debug|x64.Build.0 = Debug|Any CPU
		{A0223810-5393-4963-AB48-4C1CDADD2CE0}.Release|Any CPU.ActiveCfg = Release|Any CPU
		{A0223810-5393-4963-AB48-4C1CDADD2CE0}.Release|Any CPU.Build.0 = Release|Any CPU
		{A0223810-5393-4963-AB48-4C1CDADD2CE0}.Release|x64.ActiveCfg = Release|Any CPU
		{A0223810-5393-4963-AB48-4C1CDADD2CE0}.Release|x64.Build.0 = Release|Any CPU
		{EAED7706-3428-4DF1-AF37-397CFA2D8F9B}.Debug|Any CPU.ActiveCfg = Debug|Any CPU
		{EAED7706-3428-4DF1-AF37-397CFA2D8F9B}.Debug|Any CPU.Build.0 = Debug|Any CPU
		{EAED7706-3428-4DF1-AF37-397CFA2D8F9B}.Debug|x64.ActiveCfg = Debug|Any CPU
		{EAED7706-3428-4DF1-AF37-397CFA2D8F9B}.Debug|x64.Build.0 = Debug|Any CPU
		{EAED7706-3428-4DF1-AF37-397CFA2D8F9B}.Release|Any CPU.ActiveCfg = Release|Any CPU
		{EAED7706-3428-4DF1-AF37-397CFA2D8F9B}.Release|Any CPU.Build.0 = Release|Any CPU
		{EAED7706-3428-4DF1-AF37-397CFA2D8F9B}.Release|x64.ActiveCfg = Release|Any CPU
		{EAED7706-3428-4DF1-AF37-397CFA2D8F9B}.Release|x64.Build.0 = Release|Any CPU
		{595B8318-51E3-4DB6-A39E-2AC39176E43B}.Debug|Any CPU.ActiveCfg = Debug|Any CPU
		{595B8318-51E3-4DB6-A39E-2AC39176E43B}.Debug|Any CPU.Build.0 = Debug|Any CPU
		{595B8318-51E3-4DB6-A39E-2AC39176E43B}.Debug|x64.ActiveCfg = Debug|Any CPU
		{595B8318-51E3-4DB6-A39E-2AC39176E43B}.Debug|x64.Build.0 = Debug|Any CPU
		{595B8318-51E3-4DB6-A39E-2AC39176E43B}.Release|Any CPU.ActiveCfg = Release|Any CPU
		{595B8318-51E3-4DB6-A39E-2AC39176E43B}.Release|Any CPU.Build.0 = Release|Any CPU
		{595B8318-51E3-4DB6-A39E-2AC39176E43B}.Release|x64.ActiveCfg = Release|Any CPU
		{595B8318-51E3-4DB6-A39E-2AC39176E43B}.Release|x64.Build.0 = Release|Any CPU
		{FA31AF45-FD6F-4D1E-A873-B5569985F405}.Debug|Any CPU.ActiveCfg = Debug|Any CPU
		{FA31AF45-FD6F-4D1E-A873-B5569985F405}.Debug|Any CPU.Build.0 = Debug|Any CPU
		{FA31AF45-FD6F-4D1E-A873-B5569985F405}.Debug|x64.ActiveCfg = Debug|Any CPU
		{FA31AF45-FD6F-4D1E-A873-B5569985F405}.Debug|x64.Build.0 = Debug|Any CPU
		{FA31AF45-FD6F-4D1E-A873-B5569985F405}.Release|Any CPU.ActiveCfg = Release|Any CPU
		{FA31AF45-FD6F-4D1E-A873-B5569985F405}.Release|Any CPU.Build.0 = Release|Any CPU
		{FA31AF45-FD6F-4D1E-A873-B5569985F405}.Release|x64.ActiveCfg = Release|Any CPU
		{FA31AF45-FD6F-4D1E-A873-B5569985F405}.Release|x64.Build.0 = Release|Any CPU
		{C5E72798-ED1E-4302-A614-DB0727A421B7}.Debug|Any CPU.ActiveCfg = Debug|Any CPU
		{C5E72798-ED1E-4302-A614-DB0727A421B7}.Debug|Any CPU.Build.0 = Debug|Any CPU
		{C5E72798-ED1E-4302-A614-DB0727A421B7}.Debug|x64.ActiveCfg = Debug|Any CPU
		{C5E72798-ED1E-4302-A614-DB0727A421B7}.Debug|x64.Build.0 = Debug|Any CPU
		{C5E72798-ED1E-4302-A614-DB0727A421B7}.Release|Any CPU.ActiveCfg = Release|Any CPU
		{C5E72798-ED1E-4302-A614-DB0727A421B7}.Release|Any CPU.Build.0 = Release|Any CPU
		{C5E72798-ED1E-4302-A614-DB0727A421B7}.Release|x64.ActiveCfg = Release|Any CPU
		{C5E72798-ED1E-4302-A614-DB0727A421B7}.Release|x64.Build.0 = Release|Any CPU
		{BD1A85E3-83C0-43CB-9E4B-DCC2ED616154}.Debug|Any CPU.ActiveCfg = Debug|Any CPU
		{BD1A85E3-83C0-43CB-9E4B-DCC2ED616154}.Debug|Any CPU.Build.0 = Debug|Any CPU
		{BD1A85E3-83C0-43CB-9E4B-DCC2ED616154}.Debug|x64.ActiveCfg = Debug|Any CPU
		{BD1A85E3-83C0-43CB-9E4B-DCC2ED616154}.Debug|x64.Build.0 = Debug|Any CPU
		{BD1A85E3-83C0-43CB-9E4B-DCC2ED616154}.Release|Any CPU.ActiveCfg = Release|Any CPU
		{BD1A85E3-83C0-43CB-9E4B-DCC2ED616154}.Release|Any CPU.Build.0 = Release|Any CPU
		{BD1A85E3-83C0-43CB-9E4B-DCC2ED616154}.Release|x64.ActiveCfg = Release|Any CPU
		{BD1A85E3-83C0-43CB-9E4B-DCC2ED616154}.Release|x64.Build.0 = Release|Any CPU
		{1B3B434D-68B6-4E4A-8CF2-F15C2EDB3906}.Debug|Any CPU.ActiveCfg = Debug|Any CPU
		{1B3B434D-68B6-4E4A-8CF2-F15C2EDB3906}.Debug|Any CPU.Build.0 = Debug|Any CPU
		{1B3B434D-68B6-4E4A-8CF2-F15C2EDB3906}.Debug|x64.ActiveCfg = Debug|Any CPU
		{1B3B434D-68B6-4E4A-8CF2-F15C2EDB3906}.Debug|x64.Build.0 = Debug|Any CPU
		{1B3B434D-68B6-4E4A-8CF2-F15C2EDB3906}.Release|Any CPU.ActiveCfg = Release|Any CPU
		{1B3B434D-68B6-4E4A-8CF2-F15C2EDB3906}.Release|Any CPU.Build.0 = Release|Any CPU
		{1B3B434D-68B6-4E4A-8CF2-F15C2EDB3906}.Release|x64.ActiveCfg = Release|Any CPU
		{1B3B434D-68B6-4E4A-8CF2-F15C2EDB3906}.Release|x64.Build.0 = Release|Any CPU
		{C9F5F0DF-523B-46CE-9200-E7777B101F1A}.Debug|Any CPU.ActiveCfg = Debug|Any CPU
		{C9F5F0DF-523B-46CE-9200-E7777B101F1A}.Debug|Any CPU.Build.0 = Debug|Any CPU
		{C9F5F0DF-523B-46CE-9200-E7777B101F1A}.Debug|x64.ActiveCfg = Debug|Any CPU
		{C9F5F0DF-523B-46CE-9200-E7777B101F1A}.Debug|x64.Build.0 = Debug|Any CPU
		{C9F5F0DF-523B-46CE-9200-E7777B101F1A}.Release|Any CPU.ActiveCfg = Release|Any CPU
		{C9F5F0DF-523B-46CE-9200-E7777B101F1A}.Release|Any CPU.Build.0 = Release|Any CPU
		{C9F5F0DF-523B-46CE-9200-E7777B101F1A}.Release|x64.ActiveCfg = Release|Any CPU
		{C9F5F0DF-523B-46CE-9200-E7777B101F1A}.Release|x64.Build.0 = Release|Any CPU
		{02BE6233-FEFA-43D0-A52C-A9354E4EBC1D}.Debug|Any CPU.ActiveCfg = Debug|Any CPU
		{02BE6233-FEFA-43D0-A52C-A9354E4EBC1D}.Debug|Any CPU.Build.0 = Debug|Any CPU
		{02BE6233-FEFA-43D0-A52C-A9354E4EBC1D}.Debug|x64.ActiveCfg = Debug|Any CPU
		{02BE6233-FEFA-43D0-A52C-A9354E4EBC1D}.Debug|x64.Build.0 = Debug|Any CPU
		{02BE6233-FEFA-43D0-A52C-A9354E4EBC1D}.Release|Any CPU.ActiveCfg = Release|Any CPU
		{02BE6233-FEFA-43D0-A52C-A9354E4EBC1D}.Release|Any CPU.Build.0 = Release|Any CPU
		{02BE6233-FEFA-43D0-A52C-A9354E4EBC1D}.Release|x64.ActiveCfg = Release|Any CPU
		{02BE6233-FEFA-43D0-A52C-A9354E4EBC1D}.Release|x64.Build.0 = Release|Any CPU
	EndGlobalSection
	GlobalSection(SolutionProperties) = preSolution
		HideSolutionNode = FALSE
	EndGlobalSection
	GlobalSection(ExtensibilityGlobals) = postSolution
		SolutionGuid = {C8C286C3-953C-4D94-A0E0-4EBB45C06C2E}
	EndGlobalSection
EndGlobal
