
Microsoft Visual Studio Solution File, Format Version 12.00
# Visual Studio Version 16
VisualStudioVersion = 16.0.30517.126
MinimumVisualStudioVersion = 10.0.40219.1
Project("{FAE04EC0-301F-11D3-BF4B-00C04F79EFBC}") = "ConsoleWriteThreadTest", "ConsoleWriteThreadTest\ConsoleWriteThreadTest.csproj", "{A46CBBC2-80BA-4C45-9A7A-5909F27B7AB4}"
EndProject
Project("{FAE04EC0-301F-11D3-BF4B-00C04F79EFBC}") = "ConsoleWriteThreadTestWinform", "ConsoleWriteThreadTestWinform\ConsoleWriteThreadTestWinform.csproj", "{C1EC1738-13C5-46D8-B47B-F965FD27083F}"
EndProject
Global
	GlobalSection(SolutionConfigurationPlatforms) = preSolution
		Debug|Any CPU = Debug|Any CPU
		Release|Any CPU = Release|Any CPU
	EndGlobalSection
	GlobalSection(ProjectConfigurationPlatforms) = postSolution
		{A46CBBC2-80BA-4C45-9A7A-5909F27B7AB4}.Debug|Any CPU.ActiveCfg = Debug|Any CPU
		{A46CBBC2-80BA-4C45-9A7A-5909F27B7AB4}.Debug|Any CPU.Build.0 = Debug|Any CPU
		{A46CBBC2-80BA-4C45-9A7A-5909F27B7AB4}.Release|Any CPU.ActiveCfg = Release|Any CPU
		{A46CBBC2-80BA-4C45-9A7A-5909F27B7AB4}.Release|Any CPU.Build.0 = Release|Any CPU
		{C1EC1738-13C5-46D8-B47B-F965FD27083F}.Debug|Any CPU.ActiveCfg = Debug|Any CPU
		{C1EC1738-13C5-46D8-B47B-F965FD27083F}.Debug|Any CPU.Build.0 = Debug|Any CPU
		{C1EC1738-13C5-46D8-B47B-F965FD27083F}.Release|Any CPU.ActiveCfg = Release|Any CPU
		{C1EC1738-13C5-46D8-B47B-F965FD27083F}.Release|Any CPU.Build.0 = Release|Any CPU
	EndGlobalSection
	GlobalSection(SolutionProperties) = preSolution
		HideSolutionNode = FALSE
	EndGlobalSection
	GlobalSection(ExtensibilityGlobals) = postSolution
		SolutionGuid = {D3C2192D-47DE-405A-96E5-0B5FD37ED3E7}
	EndGlobalSection
EndGlobal
