
Microsoft Visual Studio Solution File, Format Version 12.00
# Visual Studio Version 16
VisualStudioVersion = 16.0.32228.343
MinimumVisualStudioVersion = 10.0.40219.1
Project("{FAE04EC0-301F-11D3-BF4B-00C04F79EFBC}") = "DxMvvmWpfDataTemplateNavigationExample", "DxMvvmWpfDataTemplateNavigationExample\DxMvvmWpfDataTemplateNavigationExample.csproj", "{0C09E8EF-929F-4D38-8F86-52D92D57D40E}"
EndProject
Global
	GlobalSection(SolutionConfigurationPlatforms) = preSolution
		Debug|Any CPU = Debug|Any CPU
		Release|Any CPU = Release|Any CPU
	EndGlobalSection
	GlobalSection(ProjectConfigurationPlatforms) = postSolution
		{0C09E8EF-929F-4D38-8F86-52D92D57D40E}.Debug|Any CPU.ActiveCfg = Debug|Any CPU
		{0C09E8EF-929F-4D38-8F86-52D92D57D40E}.Debug|Any CPU.Build.0 = Debug|Any CPU
		{0C09E8EF-929F-4D38-8F86-52D92D57D40E}.Release|Any CPU.ActiveCfg = Release|Any CPU
		{0C09E8EF-929F-4D38-8F86-52D92D57D40E}.Release|Any CPU.Build.0 = Release|Any CPU
	EndGlobalSection
	GlobalSection(SolutionProperties) = preSolution
		HideSolutionNode = FALSE
	EndGlobalSection
	GlobalSection(ExtensibilityGlobals) = postSolution
		SolutionGuid = {B06A8C4F-AEA8-4F00-9455-E51E41AEC3EC}
	EndGlobalSection
EndGlobal
